// !$*UTF8*$!
{
	archiveVersion = 1;
	classes = {
	};
	objectVersion = 46;
	objects = {

/* Begin PBXBuildFile section */
		92EDB16A1B5F714800382247 /* main.m in Sources */ = {isa = PBXBuildFile; fileRef = 92EDB1691B5F714800382247 /* main.m */; };
		92EDB16D1B5F714800382247 /* AppDelegate.m in Sources */ = {isa = PBXBuildFile; fileRef = 92EDB16C1B5F714800382247 /* AppDelegate.m */; };
		92EDB1701B5F714800382247 /* ViewController.m in Sources */ = {isa = PBXBuildFile; fileRef = 92EDB16F1B5F714800382247 /* ViewController.m */; };
		92EDB1731B5F714800382247 /* Main.storyboard in Resources */ = {isa = PBXBuildFile; fileRef = 92EDB1711B5F714800382247 /* Main.storyboard */; };
		92EDB1751B5F714800382247 /* Images.xcassets in Resources */ = {isa = PBXBuildFile; fileRef = 92EDB1741B5F714800382247 /* Images.xcassets */; };
		92EDB1781B5F714800382247 /* LaunchScreen.xib in Resources */ = {isa = PBXBuildFile; fileRef = 92EDB1761B5F714800382247 /* LaunchScreen.xib */; };
		92EDB1841B5F714800382247 /* refreshDemoTests.m in Sources */ = {isa = PBXBuildFile; fileRef = 92EDB1831B5F714800382247 /* refreshDemoTests.m */; };
/* End PBXBuildFile section */

/* Begin PBXContainerItemProxy section */
		92EDB17E1B5F714800382247 /* PBXContainerItemProxy */ = {
			isa = PBXContainerItemProxy;
			containerPortal = 92EDB15C1B5F714800382247 /* Project object */;
			proxyType = 1;
			remoteGlobalIDString = 92EDB1631B5F714800382247;
			remoteInfo = refreshDemo;
		};
/* End PBXContainerItemProxy section */

/* Begin PBXFileReference section */
		92EDB1641B5F714800382247 /* refreshDemo.app */ = {isa = PBXFileReference; explicitFileType = wrapper.application; includeInIndex = 0; path = refreshDemo.app; sourceTree = BUILT_PRODUCTS_DIR; };
		92EDB1681B5F714800382247 /* Info.plist */ = {isa = PBXFileReference; lastKnownFileType = text.plist.xml; path = Info.plist; sourceTree = "<group>"; };
		92EDB1691B5F714800382247 /* main.m */ = {isa = PBXFileReference; lastKnownFileType = sourcecode.c.objc; path = main.m; sourceTree = "<group>"; };
		92EDB16B1B5F714800382247 /* AppDelegate.h */ = {isa = PBXFileReference; lastKnownFileType = sourcecode.c.h; path = AppDelegate.h; sourceTree = "<group>"; };
		92EDB16C1B5F714800382247 /* AppDelegate.m */ = {isa = PBXFileReference; lastKnownFileType = sourcecode.c.objc; path = AppDelegate.m; sourceTree = "<group>"; };
		92EDB16E1B5F714800382247 /* ViewController.h */ = {isa = PBXFileReference; lastKnownFileType = sourcecode.c.h; path = ViewController.h; sourceTree = "<group>"; };
		92EDB16F1B5F714800382247 /* ViewController.m */ = {isa = PBXFileReference; lastKnownFileType = sourcecode.c.objc; path = ViewController.m; sourceTree = "<group>"; };
		92EDB1721B5F714800382247 /* Base */ = {isa = PBXFileReference; lastKnownFileType = file.storyboard; name = Base; path = Base.lproj/Main.storyboard; sourceTree = "<group>"; };
		92EDB1741B5F714800382247 /* Images.xcassets */ = {isa = PBXFileReference; lastKnownFileType = folder.assetcatalog; path = Images.xcassets; sourceTree = "<group>"; };
		92EDB1771B5F714800382247 /* Base */ = {isa = PBXFileReference; lastKnownFileType = file.xib; name = Base; path = Base.lproj/LaunchScreen.xib; sourceTree = "<group>"; };
		92EDB17D1B5F714800382247 /* refreshDemoTests.xctest */ = {isa = PBXFileReference; explicitFileType = wrapper.cfbundle; includeInIndex = 0; path = refreshDemoTests.xctest; sourceTree = BUILT_PRODUCTS_DIR; };
		92EDB1821B5F714800382247 /* Info.plist */ = {isa = PBXFileReference; lastKnownFileType = text.plist.xml; path = Info.plist; sourceTree = "<group>"; };
		92EDB1831B5F714800382247 /* refreshDemoTests.m */ = {isa = PBXFileReference; lastKnownFileType = sourcecode.c.objc; path = refreshDemoTests.m; sourceTree = "<group>"; };
/* End PBXFileReference section */

/* Begin PBXFrameworksBuildPhase section */
		92EDB1611B5F714800382247 /* Frameworks */ = {
			isa = PBXFrameworksBuildPhase;
			buildActionMask = 2147483647;
			files = (
			);
			runOnlyForDeploymentPostprocessing = 0;
		};
		92EDB17A1B5F714800382247 /* Frameworks */ = {
			isa = PBXFrameworksBuildPhase;
			buildActionMask = 2147483647;
			files = (
			);
			runOnlyForDeploymentPostprocessing = 0;
		};
/* End PBXFrameworksBuildPhase section */

/* Begin PBXGroup section */
		92EDB15B1B5F714800382247 = {
			isa = PBXGroup;
			children = (
				92EDB1661B5F714800382247 /* refreshDemo */,
				92EDB1801B5F714800382247 /* refreshDemoTests */,
				92EDB1651B5F714800382247 /* Products */,
			);
			sourceTree = "<group>";
		};
		92EDB1651B5F714800382247 /* Products */ = {
			isa = PBXGroup;
			children = (
				92EDB1641B5F714800382247 /* refreshDemo.app */,
				92EDB17D1B5F714800382247 /* refreshDemoTests.xctest */,
			);
			name = Products;
			sourceTree = "<group>";
		};
		92EDB1661B5F714800382247 /* refreshDemo */ = {
			isa = PBXGroup;
			children = (
				92EDB16B1B5F714800382247 /* AppDelegate.h */,
				92EDB16C1B5F714800382247 /* AppDelegate.m */,
				92EDB16E1B5F714800382247 /* ViewController.h */,
				92EDB16F1B5F714800382247 /* ViewController.m */,
				92EDB1711B5F714800382247 /* Main.storyboard */,
				92EDB1741B5F714800382247 /* Images.xcassets */,
				92EDB1761B5F714800382247 /* LaunchScreen.xib */,
				92EDB1671B5F714800382247 /* Supporting Files */,
			);
			path = refreshDemo;
			sourceTree = "<group>";
		};
		92EDB1671B5F714800382247 /* Supporting Files */ = {
			isa = PBXGroup;
			children = (
				92EDB1681B5F714800382247 /* Info.plist */,
				92EDB1691B5F714800382247 /* main.m */,
			);
			name = "Supporting Files";
			sourceTree = "<group>";
		};
		92EDB1801B5F714800382247 /* refreshDemoTests */ = {
			isa = PBXGroup;
			children = (
				92EDB1831B5F714800382247 /* refreshDemoTests.m */,
				92EDB1811B5F714800382247 /* Supporting Files */,
			);
			path = refreshDemoTests;
			sourceTree = "<group>";
		};
		92EDB1811B5F714800382247 /* Supporting Files */ = {
			isa = PBXGroup;
			children = (
				92EDB1821B5F714800382247 /* Info.plist */,
			);
			name = "Supporting Files";
			sourceTree = "<group>";
		};
/* End PBXGroup section */

/* Begin PBXNativeTarget section */
		92EDB1631B5F714800382247 /* refreshDemo */ = {
			isa = PBXNativeTarget;
			buildConfigurationList = 92EDB1871B5F714800382247 /* Build configuration list for PBXNativeTarget "refreshDemo" */;
			buildPhases = (
				92EDB1601B5F714800382247 /* Sources */,
				92EDB1611B5F714800382247 /* Frameworks */,
				92EDB1621B5F714800382247 /* Resources */,
			);
			buildRules = (
			);
			dependencies = (
			);
			name = refreshDemo;
			productName = refreshDemo;
			productReference = 92EDB1641B5F714800382247 /* refreshDemo.app */;
			productType = "com.apple.product-type.application";
		};
		92EDB17C1B5F714800382247 /* refreshDemoTests */ = {
			isa = PBXNativeTarget;
			buildConfigurationList = 92EDB18A1B5F714800382247 /* Build configuration list for PBXNativeTarget "refreshDemoTests" */;
			buildPhases = (
				92EDB1791B5F714800382247 /* Sources */,
				92EDB17A1B5F714800382247 /* Frameworks */,
				92EDB17B1B5F714800382247 /* Resources */,
			);
			buildRules = (
			);
			dependencies = (
				92EDB17F1B5F714800382247 /* PBXTargetDependency */,
			);
			name = refreshDemoTests;
			productName = refreshDemoTests;
			productReference = 92EDB17D1B5F714800382247 /* refreshDemoTests.xctest */;
			productType = "com.apple.product-type.bundle.unit-test";
		};
/* End PBXNativeTarget section */

/* Begin PBXProject section */
		92EDB15C1B5F714800382247 /* Project object */ = {
			isa = PBXProject;
			attributes = {
				LastUpgradeCheck = 0640;
				ORGANIZATIONNAME = Zack;
				TargetAttributes = {
					92EDB1631B5F714800382247 = {
						CreatedOnToolsVersion = 6.4;
					};
					92EDB17C1B5F714800382247 = {
						CreatedOnToolsVersion = 6.4;
						TestTargetID = 92EDB1631B5F714800382247;
					};
				};
			};
			buildConfigurationList = 92EDB15F1B5F714800382247 /* Build configuration list for PBXProject "refreshDemo" */;
			compatibilityVersion = "Xcode 3.2";
			developmentRegion = English;
			hasScannedForEncodings = 0;
			knownRegions = (
				en,
				Base,
			);
			mainGroup = 92EDB15B1B5F714800382247;
			productRefGroup = 92EDB1651B5F714800382247 /* Products */;
			projectDirPath = "";
			projectRoot = "";
			targets = (
				92EDB1631B5F714800382247 /* refreshDemo */,
				92EDB17C1B5F714800382247 /* refreshDemoTests */,
			);
		};
/* End PBXProject section */

/* Begin PBXResourcesBuildPhase section */
		92EDB1621B5F714800382247 /* Resources */ = {
			isa = PBXResourcesBuildPhase;
			buildActionMask = 2147483647;
			files = (
				92EDB1731B5F714800382247 /* Main.storyboard in Resources */,
				92EDB1781B5F714800382247 /* LaunchScreen.xib in Resources */,
				92EDB1751B5F714800382247 /* Images.xcassets in Resources */,
			);
			runOnlyForDeploymentPostprocessing = 0;
		};
		92EDB17B1B5F714800382247 /* Resources */ = {
			isa = PBXResourcesBuildPhase;
			buildActionMask = 2147483647;
			files = (
			);
			runOnlyForDeploymentPostprocessing = 0;
		};
/* End PBXResourcesBuildPhase section */

/* Begin PBXSourcesBuildPhase section */
		92EDB1601B5F714800382247 /* Sources */ = {
			isa = PBXSourcesBuildPhase;
			buildActionMask = 2147483647;
			files = (
				92EDB1701B5F714800382247 /* ViewController.m in Sources */,
				92EDB16D1B5F714800382247 /* AppDelegate.m in Sources */,
				92EDB16A1B5F714800382247 /* main.m in Sources */,
			);
			runOnlyForDeploymentPostprocessing = 0;
		};
		92EDB1791B5F714800382247 /* Sources */ = {
			isa = PBXSourcesBuildPhase;
			buildActionMask = 2147483647;
			files = (
				92EDB1841B5F714800382247 /* refreshDemoTests.m in Sources */,
			);
			runOnlyForDeploymentPostprocessing = 0;
		};
/* End PBXSourcesBuildPhase section */

/* Begin PBXTargetDependency section */
		92EDB17F1B5F714800382247 /* PBXTargetDependency */ = {
			isa = PBXTargetDependency;
			target = 92EDB1631B5F714800382247 /* refreshDemo */;
			targetProxy = 92EDB17E1B5F714800382247 /* PBXContainerItemProxy */;
		};
/* End PBXTargetDependency section */

/* Begin PBXVariantGroup section */
		92EDB1711B5F714800382247 /* Main.storyboard */ = {
			isa = PBXVariantGroup;
			children = (
				92EDB1721B5F714800382247 /* Base */,
			);
			name = Main.storyboard;
			sourceTree = "<group>";
		};
		92EDB1761B5F714800382247 /* LaunchScreen.xib */ = {
			isa = PBXVariantGroup;
			children = (
				92EDB1771B5F714800382247 /* Base */,
			);
			name = LaunchScreen.xib;
			sourceTree = "<group>";
		};
/* End PBXVariantGroup section */

/* Begin XCBuildConfiguration section */
		92EDB1851B5F714800382247 /* Debug */ = {
			isa = XCBuildConfiguration;
			buildSettings = {
				ALWAYS_SEARCH_USER_PATHS = NO;
				CLANG_CXX_LANGUAGE_STANDARD = "gnu++0x";
				CLANG_CXX_LIBRARY = "libc++";
				CLANG_ENABLE_MODULES = YES;
				CLANG_ENABLE_OBJC_ARC = YES;
				CLANG_WARN_BOOL_CONVERSION = YES;
				CLANG_WARN_CONSTANT_CONVERSION = YES;
				CLANG_WARN_DIRECT_OBJC_ISA_USAGE = YES_ERROR;
				CLANG_WARN_EMPTY_BODY = YES;
				CLANG_WARN_ENUM_CONVERSION = YES;
				CLANG_WARN_INT_CONVERSION = YES;
				CLANG_WARN_OBJC_ROOT_CLASS = YES_ERROR;
				CLANG_WARN_UNREACHABLE_CODE = YES;
				CLANG_WARN__DUPLICATE_METHOD_MATCH = YES;
				"CODE_SIGN_IDENTITY[sdk=iphoneos*]" = "iPhone Developer";
				COPY_PHASE_STRIP = NO;
				DEBUG_INFORMATION_FORMAT = "dwarf-with-dsym";
				ENABLE_STRICT_OBJC_MSGSEND = YES;
				GCC_C_LANGUAGE_STANDARD = gnu99;
				GCC_DYNAMIC_NO_PIC = NO;
				GCC_NO_COMMON_BLOCKS = YES;
				GCC_OPTIMIZATION_LEVEL = 0;
				GCC_PREPROCESSOR_DEFINITIONS = (
					"DEBUG=1",
					"$(inherited)",
				);
				GCC_SYMBOLS_PRIVATE_EXTERN = NO;
				GCC_WARN_64_TO_32_BIT_CONVERSION = YES;
				GCC_WARN_ABOUT_RETURN_TYPE = YES_ERROR;
				GCC_WARN_UNDECLARED_SELECTOR = YES;
				GCC_WARN_UNINITIALIZED_AUTOS = YES_AGGRESSIVE;
				GCC_WARN_UNUSED_FUNCTION = YES;
				GCC_WARN_UNUSED_VARIABLE = YES;
				IPHONEOS_DEPLOYMENT_TARGET = 8.4;
				MTL_ENABLE_DEBUG_INFO = YES;
				ONLY_ACTIVE_ARCH = YES;
				SDKROOT = iphoneos;
			};
			name = Debug;
		};
		92EDB1861B5F714800382247 /* Release */ = {
			isa = XCBuildConfiguration;
			buildSettings = {
				ALWAYS_SEARCH_USER_PATHS = NO;
				CLANG_CXX_LANGUAGE_STANDARD = "gnu++0x";
				CLANG_CXX_LIBRARY = "libc++";
				CLANG_ENABLE_MODULES = YES;
				CLANG_ENABLE_OBJC_ARC = YES;
				CLANG_WARN_BOOL_CONVERSION = YES;
				CLANG_WARN_CONSTANT_CONVERSION = YES;
				CLANG_WARN_DIRECT_OBJC_ISA_USAGE = YES_ERROR;
				CLANG_WARN_EMPTY_BODY = YES;
				CLANG_WARN_ENUM_CONVERSION = YES;
				CLANG_WARN_INT_CONVERSION = YES;
				CLANG_WARN_OBJC_ROOT_CLASS = YES_ERROR;
				CLANG_WARN_UNREACHABLE_CODE = YES;
				CLANG_WARN__DUPLICATE_METHOD_MATCH = YES;
				"CODE_SIGN_IDENTITY[sdk=iphoneos*]" = "iPhone Developer";
				COPY_PHASE_STRIP = NO;
				DEBUG_INFORMATION_FORMAT = "dwarf-with-dsym";
				ENABLE_NS_ASSERTIONS = NO;
				ENABLE_STRICT_OBJC_MSGSEND = YES;
				GCC_C_LANGUAGE_STANDARD = gnu99;
				GCC_NO_COMMON_BLOCKS = YES;
				GCC_WARN_64_TO_32_BIT_CONVERSION = YES;
				GCC_WARN_ABOUT_RETURN_TYPE = YES_ERROR;
				GCC_WARN_UNDECLARED_SELECTOR = YES;
				GCC_WARN_UNINITIALIZED_AUTOS = YES_AGGRESSIVE;
				GCC_WARN_UNUSED_FUNCTION = YES;
				GCC_WARN_UNUSED_VARIABLE = YES;
				IPHONEOS_DEPLOYMENT_TARGET = 8.4;
				MTL_ENABLE_DEBUG_INFO = NO;
				SDKROOT = iphoneos;
				VALIDATE_PRODUCT = YES;
			};
			name = Release;
		};
		92EDB1881B5F714800382247 /* Debug */ = {
			isa = XCBuildConfiguration;
			buildSettings = {
				ASSETCATALOG_COMPILER_APPICON_NAME = AppIcon;
				INFOPLIST_FILE = refreshDemo/Info.plist;
				LD_RUNPATH_SEARCH_PATHS = "$(inherited) @executable_path/Frameworks";
				PRODUCT_NAME = "$(TARGET_NAME)";
			};
			name = Debug;
		};
		92EDB1891B5F714800382247 /* Release */ = {
			isa = XCBuildConfiguration;
			buildSettings = {
				ASSETCATALOG_COMPILER_APPICON_NAME = AppIcon;
				INFOPLIST_FILE = refreshDemo/Info.plist;
				LD_RUNPATH_SEARCH_PATHS = "$(inherited) @executable_path/Frameworks";
				PRODUCT_NAME = "$(TARGET_NAME)";
			};
			name = Release;
		};
		92EDB18B1B5F714800382247 /* Debug */ = {
			isa = XCBuildConfiguration;
			buildSettings = {
				BUNDLE_LOADER = "$(TEST_HOST)";
				FRAMEWORK_SEARCH_PATHS = (
					"$(SDKROOT)/Developer/Library/Frameworks",
					"$(inherited)",
				);
				GCC_PREPROCESSOR_DEFINITIONS = (
					"DEBUG=1",
					"$(inherited)",
				);
				INFOPLIST_FILE = refreshDemoTests/Info.plist;
				LD_RUNPATH_SEARCH_PATHS = "$(inherited) @executable_path/Frameworks @loader_path/Frameworks";
				PRODUCT_NAME = "$(TARGET_NAME)";
				TEST_HOST = "$(BUILT_PRODUCTS_DIR)/refreshDemo.app/refreshDemo";
			};
			name = Debug;
		};
		92EDB18C1B5F714800382247 /* Release */ = {
			isa = XCBuildConfiguration;
			buildSettings = {
				BUNDLE_LOADER = "$(TEST_HOST)";
				FRAMEWORK_SEARCH_PATHS = (
					"$(SDKROOT)/Developer/Library/Frameworks",
					"$(inherited)",
				);
				INFOPLIST_FILE = refreshDemoTests/Info.plist;
				LD_RUNPATH_SEARCH_PATHS = "$(inherited) @executable_path/Frameworks @loader_path/Frameworks";
				PRODUCT_NAME = "$(TARGET_NAME)";
				TEST_HOST = "$(BUILT_PRODUCTS_DIR)/refreshDemo.app/refreshDemo";
			};
			name = Release;
		};
/* End XCBuildConfiguration section */

/* Begin XCConfigurationList section */
		92EDB15F1B5F714800382247 /* Build configuration list for PBXProject "refreshDemo" */ = {
			isa = XCConfigurationList;
			buildConfigurations = (
				92EDB1851B5F714800382247 /* Debug */,
				92EDB1861B5F714800382247 /* Release */,
			);
			defaultConfigurationIsVisible = 0;
			defaultConfigurationName = Release;
		};
		92EDB1871B5F714800382247 /* Build configuration list for PBXNativeTarget "refreshDemo" */ = {
			isa = XCConfigurationList;
			buildConfigurations = (
				92EDB1881B5F714800382247 /* Debug */,
				92EDB1891B5F714800382247 /* Release */,
			);
			defaultConfigurationIsVisible = 0;
		};
		92EDB18A1B5F714800382247 /* Build configuration list for PBXNativeTarget "refreshDemoTests" */ = {
			isa = XCConfigurationList;
			buildConfigurations = (
				92EDB18B1B5F714800382247 /* Debug */,
				92EDB18C1B5F714800382247 /* Release */,
			);
			defaultConfigurationIsVisible = 0;
		};
/* End XCConfigurationList section */
	};
	rootObject = 92EDB15C1B5F714800382247 /* Project object */;
}
